
Microsoft Visual Studio Solution File, Format Version 12.00
# Visual Studio Version 17
VisualStudioVersion = 17.9.34728.123
MinimumVisualStudioVersion = 10.0.40219.1
Project("{2150E333-8FDC-42A3-9474-1A3956D46DE8}") = "src", "src", "{CC4199D8-1A33-4800-87A2-CD40DDBD59E6}"
EndProject
Project("{2150E333-8FDC-42A3-9474-1A3956D46DE8}") = "modules", "modules", "{EBF0B1A7-52B1-4509-8434-D5FE725D0E3B}"
EndProject
Project("{2150E333-8FDC-42A3-9474-1A3956D46DE8}") = "01_Common", "01_Common", "{5E0E0C6F-F749-441C-B6C6-5609A9E1DD6C}"
EndProject
Project("{9A19103F-16F7-4668-BE54-9A1E7A4F7556}") = "Common.Utils", "src\Commonn\Common.Utils\Common.Utils.csproj", "{757785EE-AF34-4031-A7E4-D412BB341519}"
EndProject
Project("{9A19103F-16F7-4668-BE54-9A1E7A4F7556}") = "Common.Web", "src\Commonn\Common.Web\Common.Web.csproj", "{5D421F49-F26E-4219-9BCA-E21F7F9B38F5}"
EndProject
Project("{2150E333-8FDC-42A3-9474-1A3956D46DE8}") = "02_Module", "02_Module", "{2DDBA6AE-85DE-45FA-8FFD-FBD1DEC2456E}"
EndProject
Project("{9A19103F-16F7-4668-BE54-9A1E7A4F7556}") = "Module.Abstractions", "src\Module\Module.Abstractions\Module.Abstractions.csproj", "{23A6E306-7680-4969-9BBF-7F909C078284}"
EndProject
Project("{9A19103F-16F7-4668-BE54-9A1E7A4F7556}") = "Module.Core", "src\Module\Module.Core\Module.Core.csproj", "{26CB6025-A928-4775-AA1B-F8EC21BB4193}"
EndProject
Project("{2150E333-8FDC-42A3-9474-1A3956D46DE8}") = "03_Domain", "03_Domain", "{C7525449-2A7F-434B-BFDD-4E6E1ADF6968}"
EndProject
Project("{2150E333-8FDC-42A3-9474-1A3956D46DE8}") = "UAP", "UAP", "{AB4187E5-C5BC-44AD-82B0-87216EB05D33}"
	ProjectSection(SolutionItems) = preProject
		modules\Directory.Build.props = modules\Directory.Build.props
	EndProjectSection
EndProject
Project("{2150E333-8FDC-42A3-9474-1A3956D46DE8}") = "00_Host", "00_Host", "{EC6D4806-157E-4862-8E5F-41570C069394}"
EndProject
Project("{9A19103F-16F7-4668-BE54-9A1E7A4F7556}") = "UAP.Core", "modules\UAP\UAP.Core\UAP.Core.csproj", "{1051D6E4-FA3E-4800-B313-4AE9D0A67828}"
EndProject
Project("{9A19103F-16F7-4668-BE54-9A1E7A4F7556}") = "DDD.Core", "src\Domain\DDD.Core\DDD.Core.csproj", "{A568C54F-9A3C-45DC-B04F-95795CFED107}"
EndProject
Project("{2150E333-8FDC-42A3-9474-1A3956D46DE8}") = "04_Persistence", "04_Persistence", "{6EC48D53-ED86-4666-B9E9-78C1A1F9954F}"
EndProject
Project("{9A19103F-16F7-4668-BE54-9A1E7A4F7556}") = "Persistence", "src\Persistence\Persistence\Persistence.csproj", "{C5559596-1A13-4017-8865-CE006560ACAB}"
EndProject
Project("{9A19103F-16F7-4668-BE54-9A1E7A4F7556}") = "UAP.DataSeeding", "modules\UAP\UAP.DataSeeding\UAP.DataSeeding.csproj", "{5199A470-DC97-497C-A102-96FFAECDCBF0}"
EndProject
Project("{9A19103F-16F7-4668-BE54-9A1E7A4F7556}") = "Persistence.DataSeeding", "src\Persistence\Persistence.DataSeeding\Persistence.DataSeeding.csproj", "{66D0EA2E-B0F1-408E-BFFD-97CED28D2A22}"
EndProject
Project("{9A19103F-16F7-4668-BE54-9A1E7A4F7556}") = "DataSeedingBuilder", "modules\DataSeedingBuilder\DataSeedingBuilder.csproj", "{449DF1BD-86CB-42B9-93EE-D6C734FC6F8B}"
EndProject
Project("{9A19103F-16F7-4668-BE54-9A1E7A4F7556}") = "Persistence.DataSeeding.Builder", "src\Persistence\Persistence.DataSeeding.Builder\Persistence.DataSeeding.Builder.csproj", "{F2EA4955-D3D3-4DCD-805D-753655987FD9}"
EndProject
Project("{2150E333-8FDC-42A3-9474-1A3956D46DE8}") = "05_SourceGenerator", "05_SourceGenerator", "{8EEF4366-63CA-4F97-AD01-E8C241B08266}"
EndProject
Project("{9A19103F-16F7-4668-BE54-9A1E7A4F7556}") = "SourceGenerator", "src\SourceGenerator\SourceGenerator\SourceGenerator.csproj", "{5C760E8D-8575-45B7-BBF7-9707764F24B1}"
EndProject
Project("{9A19103F-16F7-4668-BE54-9A1E7A4F7556}") = "UAP.Web", "modules\UAP\UAP.Web\UAP.Web.csproj", "{E7D83254-346D-4423-9576-ACD59EF0F6C2}"
EndProject
Project("{9A19103F-16F7-4668-BE54-9A1E7A4F7556}") = "Module.Web", "src\Module\Module.Web\Module.Web.csproj", "{3BDC0CBF-E24C-4C13-A454-6653DC6FB9A5}"
EndProject
Project("{9A19103F-16F7-4668-BE54-9A1E7A4F7556}") = "Host.Web", "src\Host\Host.Web\Host.Web.csproj", "{BC48A674-D8B9-4686-B1FF-F5264C4AB486}"
EndProject
Project("{9A19103F-16F7-4668-BE54-9A1E7A4F7556}") = "WebHost", "modules\WebHost\WebHost.csproj", "{A8EBCFF7-F7EC-41B7-9A9B-0879ED844CFC}"
EndProject
Project("{2150E333-8FDC-42A3-9474-1A3956D46DE8}") = "06_Authentication", "06_Authentication", "{B1EE70D0-0B87-47DE-B83B-04931CCC9328}"
EndProject
Project("{9A19103F-16F7-4668-BE54-9A1E7A4F7556}") = "Authentication.Abstractions", "src\Authentication\Authentication.Abstractions\Authentication.Abstractions.csproj", "{200E8F97-3107-41D0-8498-7C3B8466A6F4}"
EndProject
Project("{9A19103F-16F7-4668-BE54-9A1E7A4F7556}") = "Authentication.JwtBearer", "src\Authentication\Authentication.JwtBearer\Authentication.JwtBearer.csproj", "{EAEF495B-F72E-458C-97C8-87A8AEE1039F}"
EndProject
Project("{2150E333-8FDC-42A3-9474-1A3956D46DE8}") = "07_Authorization", "07_Authorization", "{CA0BBB40-B900-4A9E-976E-27527EE8096D}"
EndProject
Project("{9A19103F-16F7-4668-BE54-9A1E7A4F7556}") = "Authorization", "src\Authorization\Authorization\Authorization.csproj", "{BF06D6B5-A2B7-4F8B-BDD8-1D6BC4488472}"
EndProject
Project("{2150E333-8FDC-42A3-9474-1A3956D46DE8}") = "08_Cache", "08_Cache", "{1A1BDD80-0FDD-4563-B696-3A3585318079}"
EndProject
Project("{9A19103F-16F7-4668-BE54-9A1E7A4F7556}") = "Cache.Abstractions", "src\Cache\Cache.Abstractions\Cache.Abstractions.csproj", "{1D58F620-EE30-44DA-82B0-ABFCC58FB302}"
EndProject
Project("{9A19103F-16F7-4668-BE54-9A1E7A4F7556}") = "Cache.Core", "src\Cache\Cache.Core\Cache.Core.csproj", "{61598A90-2631-4340-B1C8-240E690BB03A}"
EndProject
Project("{2150E333-8FDC-42A3-9474-1A3956D46DE8}") = "build", "build", "{FB9EBEF5-24DF-4AD7-813C-8EAC0D53E788}"
	ProjectSection(SolutionItems) = preProject
		Directory.Build.props = Directory.Build.props
		Directory.Packages.props = Directory.Packages.props
	EndProjectSection
EndProject
Project("{2150E333-8FDC-42A3-9474-1A3956D46DE8}") = "09_Configuration", "09_Configuration", "{6CCBEFBC-2973-4E34-AEDF-C8B57FAA8364}"
EndProject
Project("{FAE04EC0-301F-11D3-BF4B-00C04F79EFBC}") = "Configuration.Abstractions", "src\Configuration\Configuration.Abstractions\Configuration.Abstractions.csproj", "{1AB14C34-2350-4890-9E04-8E3AC8F3ADEE}"
EndProject
Project("{FAE04EC0-301F-11D3-BF4B-00C04F79EFBC}") = "Configuration.Core", "src\Configuration\Configuration.Core\Configuration.Core.csproj", "{C030467B-973B-4F24-9974-6CEC20460D7E}"
EndProject
Project("{FAE04EC0-301F-11D3-BF4B-00C04F79EFBC}") = "UAP.Migrations.Postgresql", "modules\UAP\UAP.Migrations.Postgresql\UAP.Migrations.Postgresql.csproj", "{ED7F50B6-4474-4D3E-919D-44E2A8B49C42}"
EndProject
Project("{FAE04EC0-301F-11D3-BF4B-00C04F79EFBC}") = "UAP.Migrations.Sqlite", "modules\UAP\UAP.Migrations.Sqlite\UAP.Migrations.Sqlite.csproj", "{8B6EFEF3-9046-49FE-AD67-2C3AAD782E92}"
EndProject
Project("{FAE04EC0-301F-11D3-BF4B-00C04F79EFBC}") = "Module.Blazor", "src\Module\Module.Blazor\Module.Blazor.csproj", "{58B40E70-3739-4984-AD98-BDC61E03C01E}"
EndProject
Project("{FAE04EC0-301F-11D3-BF4B-00C04F79EFBC}") = "UAP.Blazor", "modules\UAP\UAP.Blazor\UAP.Blazor.csproj", "{17ACE163-2435-434D-B080-E3628A7DD073}"
EndProject
Project("{FAE04EC0-301F-11D3-BF4B-00C04F79EFBC}") = "BlazorHost", "modules\BlazorHost\BlazorHost.csproj", "{4F7741EB-2334-48D2-AAD2-B4CD5900E825}"
EndProject
Project("{FAE04EC0-301F-11D3-BF4B-00C04F79EFBC}") = "Host.Blazor", "Host.Blazor\Host.Blazor.csproj", "{21D6180E-8F98-4BA0-929D-75AA8607ABE9}"
EndProject
Global
	GlobalSection(SolutionConfigurationPlatforms) = preSolution
		Debug|Any CPU = Debug|Any CPU
		Release|Any CPU = Release|Any CPU
	EndGlobalSection
	GlobalSection(ProjectConfigurationPlatforms) = postSolution
		{757785EE-AF34-4031-A7E4-D412BB341519}.Debug|Any CPU.ActiveCfg = Debug|Any CPU
		{757785EE-AF34-4031-A7E4-D412BB341519}.Debug|Any CPU.Build.0 = Debug|Any CPU
		{757785EE-AF34-4031-A7E4-D412BB341519}.Release|Any CPU.ActiveCfg = Release|Any CPU
		{757785EE-AF34-4031-A7E4-D412BB341519}.Release|Any CPU.Build.0 = Release|Any CPU
		{5D421F49-F26E-4219-9BCA-E21F7F9B38F5}.Debug|Any CPU.ActiveCfg = Debug|Any CPU
		{5D421F49-F26E-4219-9BCA-E21F7F9B38F5}.Debug|Any CPU.Build.0 = Debug|Any CPU
		{5D421F49-F26E-4219-9BCA-E21F7F9B38F5}.Release|Any CPU.ActiveCfg = Release|Any CPU
		{5D421F49-F26E-4219-9BCA-E21F7F9B38F5}.Release|Any CPU.Build.0 = Release|Any CPU
		{23A6E306-7680-4969-9BBF-7F909C078284}.Debug|Any CPU.ActiveCfg = Debug|Any CPU
		{23A6E306-7680-4969-9BBF-7F909C078284}.Debug|Any CPU.Build.0 = Debug|Any CPU
		{23A6E306-7680-4969-9BBF-7F909C078284}.Release|Any CPU.ActiveCfg = Release|Any CPU
		{23A6E306-7680-4969-9BBF-7F909C078284}.Release|Any CPU.Build.0 = Release|Any CPU
		{26CB6025-A928-4775-AA1B-F8EC21BB4193}.Debug|Any CPU.ActiveCfg = Debug|Any CPU
		{26CB6025-A928-4775-AA1B-F8EC21BB4193}.Debug|Any CPU.Build.0 = Debug|Any CPU
		{26CB6025-A928-4775-AA1B-F8EC21BB4193}.Release|Any CPU.ActiveCfg = Release|Any CPU
		{26CB6025-A928-4775-AA1B-F8EC21BB4193}.Release|Any CPU.Build.0 = Release|Any CPU
		{1051D6E4-FA3E-4800-B313-4AE9D0A67828}.Debug|Any CPU.ActiveCfg = Debug|Any CPU
		{1051D6E4-FA3E-4800-B313-4AE9D0A67828}.Debug|Any CPU.Build.0 = Debug|Any CPU
		{1051D6E4-FA3E-4800-B313-4AE9D0A67828}.Release|Any CPU.ActiveCfg = Release|Any CPU
		{1051D6E4-FA3E-4800-B313-4AE9D0A67828}.Release|Any CPU.Build.0 = Release|Any CPU
		{A568C54F-9A3C-45DC-B04F-95795CFED107}.Debug|Any CPU.ActiveCfg = Debug|Any CPU
		{A568C54F-9A3C-45DC-B04F-95795CFED107}.Debug|Any CPU.Build.0 = Debug|Any CPU
		{A568C54F-9A3C-45DC-B04F-95795CFED107}.Release|Any CPU.ActiveCfg = Release|Any CPU
		{A568C54F-9A3C-45DC-B04F-95795CFED107}.Release|Any CPU.Build.0 = Release|Any CPU
		{C5559596-1A13-4017-8865-CE006560ACAB}.Debug|Any CPU.ActiveCfg = Debug|Any CPU
		{C5559596-1A13-4017-8865-CE006560ACAB}.Debug|Any CPU.Build.0 = Debug|Any CPU
		{C5559596-1A13-4017-8865-CE006560ACAB}.Release|Any CPU.ActiveCfg = Release|Any CPU
		{C5559596-1A13-4017-8865-CE006560ACAB}.Release|Any CPU.Build.0 = Release|Any CPU
		{5199A470-DC97-497C-A102-96FFAECDCBF0}.Debug|Any CPU.ActiveCfg = Debug|Any CPU
		{5199A470-DC97-497C-A102-96FFAECDCBF0}.Debug|Any CPU.Build.0 = Debug|Any CPU
		{5199A470-DC97-497C-A102-96FFAECDCBF0}.Release|Any CPU.ActiveCfg = Release|Any CPU
		{5199A470-DC97-497C-A102-96FFAECDCBF0}.Release|Any CPU.Build.0 = Release|Any CPU
		{66D0EA2E-B0F1-408E-BFFD-97CED28D2A22}.Debug|Any CPU.ActiveCfg = Debug|Any CPU
		{66D0EA2E-B0F1-408E-BFFD-97CED28D2A22}.Debug|Any CPU.Build.0 = Debug|Any CPU
		{66D0EA2E-B0F1-408E-BFFD-97CED28D2A22}.Release|Any CPU.ActiveCfg = Release|Any CPU
		{66D0EA2E-B0F1-408E-BFFD-97CED28D2A22}.Release|Any CPU.Build.0 = Release|Any CPU
		{449DF1BD-86CB-42B9-93EE-D6C734FC6F8B}.Debug|Any CPU.ActiveCfg = Debug|Any CPU
		{449DF1BD-86CB-42B9-93EE-D6C734FC6F8B}.Debug|Any CPU.Build.0 = Debug|Any CPU
		{449DF1BD-86CB-42B9-93EE-D6C734FC6F8B}.Release|Any CPU.ActiveCfg = Release|Any CPU
		{449DF1BD-86CB-42B9-93EE-D6C734FC6F8B}.Release|Any CPU.Build.0 = Release|Any CPU
		{F2EA4955-D3D3-4DCD-805D-753655987FD9}.Debug|Any CPU.ActiveCfg = Debug|Any CPU
		{F2EA4955-D3D3-4DCD-805D-753655987FD9}.Debug|Any CPU.Build.0 = Debug|Any CPU
		{F2EA4955-D3D3-4DCD-805D-753655987FD9}.Release|Any CPU.ActiveCfg = Release|Any CPU
		{F2EA4955-D3D3-4DCD-805D-753655987FD9}.Release|Any CPU.Build.0 = Release|Any CPU
		{5C760E8D-8575-45B7-BBF7-9707764F24B1}.Debug|Any CPU.ActiveCfg = Debug|Any CPU
		{5C760E8D-8575-45B7-BBF7-9707764F24B1}.Debug|Any CPU.Build.0 = Debug|Any CPU
		{5C760E8D-8575-45B7-BBF7-9707764F24B1}.Release|Any CPU.ActiveCfg = Release|Any CPU
		{5C760E8D-8575-45B7-BBF7-9707764F24B1}.Release|Any CPU.Build.0 = Release|Any CPU
		{E7D83254-346D-4423-9576-ACD59EF0F6C2}.Debug|Any CPU.ActiveCfg = Debug|Any CPU
		{E7D83254-346D-4423-9576-ACD59EF0F6C2}.Debug|Any CPU.Build.0 = Debug|Any CPU
		{E7D83254-346D-4423-9576-ACD59EF0F6C2}.Release|Any CPU.ActiveCfg = Release|Any CPU
		{E7D83254-346D-4423-9576-ACD59EF0F6C2}.Release|Any CPU.Build.0 = Release|Any CPU
		{3BDC0CBF-E24C-4C13-A454-6653DC6FB9A5}.Debug|Any CPU.ActiveCfg = Debug|Any CPU
		{3BDC0CBF-E24C-4C13-A454-6653DC6FB9A5}.Debug|Any CPU.Build.0 = Debug|Any CPU
		{3BDC0CBF-E24C-4C13-A454-6653DC6FB9A5}.Release|Any CPU.ActiveCfg = Release|Any CPU
		{3BDC0CBF-E24C-4C13-A454-6653DC6FB9A5}.Release|Any CPU.Build.0 = Release|Any CPU
		{BC48A674-D8B9-4686-B1FF-F5264C4AB486}.Debug|Any CPU.ActiveCfg = Debug|Any CPU
		{BC48A674-D8B9-4686-B1FF-F5264C4AB486}.Debug|Any CPU.Build.0 = Debug|Any CPU
		{BC48A674-D8B9-4686-B1FF-F5264C4AB486}.Release|Any CPU.ActiveCfg = Release|Any CPU
		{BC48A674-D8B9-4686-B1FF-F5264C4AB486}.Release|Any CPU.Build.0 = Release|Any CPU
		{A8EBCFF7-F7EC-41B7-9A9B-0879ED844CFC}.Debug|Any CPU.ActiveCfg = Debug|Any CPU
		{A8EBCFF7-F7EC-41B7-9A9B-0879ED844CFC}.Debug|Any CPU.Build.0 = Debug|Any CPU
		{A8EBCFF7-F7EC-41B7-9A9B-0879ED844CFC}.Release|Any CPU.ActiveCfg = Release|Any CPU
		{A8EBCFF7-F7EC-41B7-9A9B-0879ED844CFC}.Release|Any CPU.Build.0 = Release|Any CPU
		{200E8F97-3107-41D0-8498-7C3B8466A6F4}.Debug|Any CPU.ActiveCfg = Debug|Any CPU
		{200E8F97-3107-41D0-8498-7C3B8466A6F4}.Debug|Any CPU.Build.0 = Debug|Any CPU
		{200E8F97-3107-41D0-8498-7C3B8466A6F4}.Release|Any CPU.ActiveCfg = Release|Any CPU
		{200E8F97-3107-41D0-8498-7C3B8466A6F4}.Release|Any CPU.Build.0 = Release|Any CPU
		{EAEF495B-F72E-458C-97C8-87A8AEE1039F}.Debug|Any CPU.ActiveCfg = Debug|Any CPU
		{EAEF495B-F72E-458C-97C8-87A8AEE1039F}.Debug|Any CPU.Build.0 = Debug|Any CPU
		{EAEF495B-F72E-458C-97C8-87A8AEE1039F}.Release|Any CPU.ActiveCfg = Release|Any CPU
		{EAEF495B-F72E-458C-97C8-87A8AEE1039F}.Release|Any CPU.Build.0 = Release|Any CPU
		{BF06D6B5-A2B7-4F8B-BDD8-1D6BC4488472}.Debug|Any CPU.ActiveCfg = Debug|Any CPU
		{BF06D6B5-A2B7-4F8B-BDD8-1D6BC4488472}.Debug|Any CPU.Build.0 = Debug|Any CPU
		{BF06D6B5-A2B7-4F8B-BDD8-1D6BC4488472}.Release|Any CPU.ActiveCfg = Release|Any CPU
		{BF06D6B5-A2B7-4F8B-BDD8-1D6BC4488472}.Release|Any CPU.Build.0 = Release|Any CPU
		{1D58F620-EE30-44DA-82B0-ABFCC58FB302}.Debug|Any CPU.ActiveCfg = Debug|Any CPU
		{1D58F620-EE30-44DA-82B0-ABFCC58FB302}.Debug|Any CPU.Build.0 = Debug|Any CPU
		{1D58F620-EE30-44DA-82B0-ABFCC58FB302}.Release|Any CPU.ActiveCfg = Release|Any CPU
		{1D58F620-EE30-44DA-82B0-ABFCC58FB302}.Release|Any CPU.Build.0 = Release|Any CPU
		{61598A90-2631-4340-B1C8-240E690BB03A}.Debug|Any CPU.ActiveCfg = Debug|Any CPU
		{61598A90-2631-4340-B1C8-240E690BB03A}.Debug|Any CPU.Build.0 = Debug|Any CPU
		{61598A90-2631-4340-B1C8-240E690BB03A}.Release|Any CPU.ActiveCfg = Release|Any CPU
		{61598A90-2631-4340-B1C8-240E690BB03A}.Release|Any CPU.Build.0 = Release|Any CPU
		{1AB14C34-2350-4890-9E04-8E3AC8F3ADEE}.Debug|Any CPU.ActiveCfg = Debug|Any CPU
		{1AB14C34-2350-4890-9E04-8E3AC8F3ADEE}.Debug|Any CPU.Build.0 = Debug|Any CPU
		{1AB14C34-2350-4890-9E04-8E3AC8F3ADEE}.Release|Any CPU.ActiveCfg = Release|Any CPU
		{1AB14C34-2350-4890-9E04-8E3AC8F3ADEE}.Release|Any CPU.Build.0 = Release|Any CPU
		{C030467B-973B-4F24-9974-6CEC20460D7E}.Debug|Any CPU.ActiveCfg = Debug|Any CPU
		{C030467B-973B-4F24-9974-6CEC20460D7E}.Debug|Any CPU.Build.0 = Debug|Any CPU
		{C030467B-973B-4F24-9974-6CEC20460D7E}.Release|Any CPU.ActiveCfg = Release|Any CPU
		{C030467B-973B-4F24-9974-6CEC20460D7E}.Release|Any CPU.Build.0 = Release|Any CPU
		{ED7F50B6-4474-4D3E-919D-44E2A8B49C42}.Debug|Any CPU.ActiveCfg = Debug|Any CPU
		{ED7F50B6-4474-4D3E-919D-44E2A8B49C42}.Debug|Any CPU.Build.0 = Debug|Any CPU
		{ED7F50B6-4474-4D3E-919D-44E2A8B49C42}.Release|Any CPU.ActiveCfg = Release|Any CPU
		{ED7F50B6-4474-4D3E-919D-44E2A8B49C42}.Release|Any CPU.Build.0 = Release|Any CPU
		{8B6EFEF3-9046-49FE-AD67-2C3AAD782E92}.Debug|Any CPU.ActiveCfg = Debug|Any CPU
		{8B6EFEF3-9046-49FE-AD67-2C3AAD782E92}.Debug|Any CPU.Build.0 = Debug|Any CPU
		{8B6EFEF3-9046-49FE-AD67-2C3AAD782E92}.Release|Any CPU.ActiveCfg = Release|Any CPU
		{8B6EFEF3-9046-49FE-AD67-2C3AAD782E92}.Release|Any CPU.Build.0 = Release|Any CPU
		{58B40E70-3739-4984-AD98-BDC61E03C01E}.Debug|Any CPU.ActiveCfg = Debug|Any CPU
		{58B40E70-3739-4984-AD98-BDC61E03C01E}.Debug|Any CPU.Build.0 = Debug|Any CPU
		{58B40E70-3739-4984-AD98-BDC61E03C01E}.Release|Any CPU.ActiveCfg = Release|Any CPU
		{58B40E70-3739-4984-AD98-BDC61E03C01E}.Release|Any CPU.Build.0 = Release|Any CPU
		{17ACE163-2435-434D-B080-E3628A7DD073}.Debug|Any CPU.ActiveCfg = Debug|Any CPU
		{17ACE163-2435-434D-B080-E3628A7DD073}.Debug|Any CPU.Build.0 = Debug|Any CPU
		{17ACE163-2435-434D-B080-E3628A7DD073}.Release|Any CPU.ActiveCfg = Release|Any CPU
		{17ACE163-2435-434D-B080-E3628A7DD073}.Release|Any CPU.Build.0 = Release|Any CPU
		{4F7741EB-2334-48D2-AAD2-B4CD5900E825}.Debug|Any CPU.ActiveCfg = Debug|Any CPU
		{4F7741EB-2334-48D2-AAD2-B4CD5900E825}.Debug|Any CPU.Build.0 = Debug|Any CPU
		{4F7741EB-2334-48D2-AAD2-B4CD5900E825}.Release|Any CPU.ActiveCfg = Release|Any CPU
		{4F7741EB-2334-48D2-AAD2-B4CD5900E825}.Release|Any CPU.Build.0 = Release|Any CPU
		{21D6180E-8F98-4BA0-929D-75AA8607ABE9}.Debug|Any CPU.ActiveCfg = Debug|Any CPU
		{21D6180E-8F98-4BA0-929D-75AA8607ABE9}.Debug|Any CPU.Build.0 = Debug|Any CPU
		{21D6180E-8F98-4BA0-929D-75AA8607ABE9}.Release|Any CPU.ActiveCfg = Release|Any CPU
		{21D6180E-8F98-4BA0-929D-75AA8607ABE9}.Release|Any CPU.Build.0 = Release|Any CPU
	EndGlobalSection
	GlobalSection(SolutionProperties) = preSolution
		HideSolutionNode = FALSE
	EndGlobalSection
	GlobalSection(NestedProjects) = preSolution
		{5E0E0C6F-F749-441C-B6C6-5609A9E1DD6C} = {CC4199D8-1A33-4800-87A2-CD40DDBD59E6}
		{757785EE-AF34-4031-A7E4-D412BB341519} = {5E0E0C6F-F749-441C-B6C6-5609A9E1DD6C}
		{5D421F49-F26E-4219-9BCA-E21F7F9B38F5} = {5E0E0C6F-F749-441C-B6C6-5609A9E1DD6C}
		{2DDBA6AE-85DE-45FA-8FFD-FBD1DEC2456E} = {CC4199D8-1A33-4800-87A2-CD40DDBD59E6}
		{23A6E306-7680-4969-9BBF-7F909C078284} = {2DDBA6AE-85DE-45FA-8FFD-FBD1DEC2456E}
		{26CB6025-A928-4775-AA1B-F8EC21BB4193} = {2DDBA6AE-85DE-45FA-8FFD-FBD1DEC2456E}
		{C7525449-2A7F-434B-BFDD-4E6E1ADF6968} = {CC4199D8-1A33-4800-87A2-CD40DDBD59E6}
		{AB4187E5-C5BC-44AD-82B0-87216EB05D33} = {EBF0B1A7-52B1-4509-8434-D5FE725D0E3B}
		{EC6D4806-157E-4862-8E5F-41570C069394} = {CC4199D8-1A33-4800-87A2-CD40DDBD59E6}
		{1051D6E4-FA3E-4800-B313-4AE9D0A67828} = {AB4187E5-C5BC-44AD-82B0-87216EB05D33}
		{A568C54F-9A3C-45DC-B04F-95795CFED107} = {C7525449-2A7F-434B-BFDD-4E6E1ADF6968}
		{6EC48D53-ED86-4666-B9E9-78C1A1F9954F} = {CC4199D8-1A33-4800-87A2-CD40DDBD59E6}
		{C5559596-1A13-4017-8865-CE006560ACAB} = {6EC48D53-ED86-4666-B9E9-78C1A1F9954F}
		{5199A470-DC97-497C-A102-96FFAECDCBF0} = {AB4187E5-C5BC-44AD-82B0-87216EB05D33}
		{66D0EA2E-B0F1-408E-BFFD-97CED28D2A22} = {6EC48D53-ED86-4666-B9E9-78C1A1F9954F}
		{449DF1BD-86CB-42B9-93EE-D6C734FC6F8B} = {EBF0B1A7-52B1-4509-8434-D5FE725D0E3B}
		{F2EA4955-D3D3-4DCD-805D-753655987FD9} = {6EC48D53-ED86-4666-B9E9-78C1A1F9954F}
		{8EEF4366-63CA-4F97-AD01-E8C241B08266} = {CC4199D8-1A33-4800-87A2-CD40DDBD59E6}
		{5C760E8D-8575-45B7-BBF7-9707764F24B1} = {8EEF4366-63CA-4F97-AD01-E8C241B08266}
		{E7D83254-346D-4423-9576-ACD59EF0F6C2} = {AB4187E5-C5BC-44AD-82B0-87216EB05D33}
		{3BDC0CBF-E24C-4C13-A454-6653DC6FB9A5} = {2DDBA6AE-85DE-45FA-8FFD-FBD1DEC2456E}
		{BC48A674-D8B9-4686-B1FF-F5264C4AB486} = {EC6D4806-157E-4862-8E5F-41570C069394}
		{A8EBCFF7-F7EC-41B7-9A9B-0879ED844CFC} = {EBF0B1A7-52B1-4509-8434-D5FE725D0E3B}
		{B1EE70D0-0B87-47DE-B83B-04931CCC9328} = {CC4199D8-1A33-4800-87A2-CD40DDBD59E6}
		{200E8F97-3107-41D0-8498-7C3B8466A6F4} = {B1EE70D0-0B87-47DE-B83B-04931CCC9328}
		{EAEF495B-F72E-458C-97C8-87A8AEE1039F} = {B1EE70D0-0B87-47DE-B83B-04931CCC9328}
		{CA0BBB40-B900-4A9E-976E-27527EE8096D} = {CC4199D8-1A33-4800-87A2-CD40DDBD59E6}
		{BF06D6B5-A2B7-4F8B-BDD8-1D6BC4488472} = {CA0BBB40-B900-4A9E-976E-27527EE8096D}
		{1A1BDD80-0FDD-4563-B696-3A3585318079} = {CC4199D8-1A33-4800-87A2-CD40DDBD59E6}
		{1D58F620-EE30-44DA-82B0-ABFCC58FB302} = {1A1BDD80-0FDD-4563-B696-3A3585318079}
		{61598A90-2631-4340-B1C8-240E690BB03A} = {1A1BDD80-0FDD-4563-B696-3A3585318079}
		{6CCBEFBC-2973-4E34-AEDF-C8B57FAA8364} = {CC4199D8-1A33-4800-87A2-CD40DDBD59E6}
		{1AB14C34-2350-4890-9E04-8E3AC8F3ADEE} = {6CCBEFBC-2973-4E34-AEDF-C8B57FAA8364}
		{C030467B-973B-4F24-9974-6CEC20460D7E} = {6CCBEFBC-2973-4E34-AEDF-C8B57FAA8364}
		{ED7F50B6-4474-4D3E-919D-44E2A8B49C42} = {AB4187E5-C5BC-44AD-82B0-87216EB05D33}
		{8B6EFEF3-9046-49FE-AD67-2C3AAD782E92} = {AB4187E5-C5BC-44AD-82B0-87216EB05D33}
		{58B40E70-3739-4984-AD98-BDC61E03C01E} = {2DDBA6AE-85DE-45FA-8FFD-FBD1DEC2456E}
		{17ACE163-2435-434D-B080-E3628A7DD073} = {AB4187E5-C5BC-44AD-82B0-87216EB05D33}
		{4F7741EB-2334-48D2-AAD2-B4CD5900E825} = {EBF0B1A7-52B1-4509-8434-D5FE725D0E3B}
		{21D6180E-8F98-4BA0-929D-75AA8607ABE9} = {EC6D4806-157E-4862-8E5F-41570C069394}
	EndGlobalSection
	GlobalSection(ExtensibilityGlobals) = postSolution
		SolutionGuid = {0676A22C-8B52-4353-B06A-ABAB3B243ED2}
	EndGlobalSection
EndGlobal
