
Microsoft Visual Studio Solution File, Format Version 12.00
# Visual Studio Version 17
VisualStudioVersion = 17.5.002.0
MinimumVisualStudioVersion = 10.0.40219.1
Project("{9A19103F-16F7-4668-BE54-9A1E7A4F7556}") = "Host.Web", "Host.Web.csproj", "{6196AA3C-5B61-4DD0-84D3-3ADA005A26D4}"
EndProject
Global
	GlobalSection(SolutionConfigurationPlatforms) = preSolution
		Debug|Any CPU = Debug|Any CPU
		Release|Any CPU = Release|Any CPU
	EndGlobalSection
	GlobalSection(ProjectConfigurationPlatforms) = postSolution
		{6196AA3C-5B61-4DD0-84D3-3ADA005A26D4}.Debug|Any CPU.ActiveCfg = Debug|Any CPU
		{6196AA3C-5B61-4DD0-84D3-3ADA005A26D4}.Debug|Any CPU.Build.0 = Debug|Any CPU
		{6196AA3C-5B61-4DD0-84D3-3ADA005A26D4}.Release|Any CPU.ActiveCfg = Release|Any CPU
		{6196AA3C-5B61-4DD0-84D3-3ADA005A26D4}.Release|Any CPU.Build.0 = Release|Any CPU
	EndGlobalSection
	GlobalSection(SolutionProperties) = preSolution
		HideSolutionNode = FALSE
	EndGlobalSection
	GlobalSection(ExtensibilityGlobals) = postSolution
		SolutionGuid = {643EF6F5-83B4-45E5-8734-97AA5B62DC00}
	EndGlobalSection
EndGlobal
